
Microsoft Visual Studio Solution File, Format Version 12.00
# Visual Studio Version 17
VisualStudioVersion = 17.8.34322.80
MinimumVisualStudioVersion = 10.0.40219.1
Project("{9A19103F-16F7-4668-BE54-9A1E7A4F7556}") = "VisitorDesignPattern", "VisitorDesignPattern\VisitorDesignPattern.csproj", "{BEF3FAD9-9990-466F-8D05-0E325C6AAAE5}"
EndProject
Project("{FAE04EC0-301F-11D3-BF4B-00C04F79EFBC}") = "VisitorPatternTests", "VisitorPatternTests\VisitorPatternTests.csproj", "{D51FF67C-48C0-4C18-9E26-C418E2D345EC}"
EndProject
Global
	GlobalSection(SolutionConfigurationPlatforms) = preSolution
		Debug|Any CPU = Debug|Any CPU
		Release|Any CPU = Release|Any CPU
	EndGlobalSection
	GlobalSection(ProjectConfigurationPlatforms) = postSolution
		{BEF3FAD9-9990-466F-8D05-0E325C6AAAE5}.Debug|Any CPU.ActiveCfg = Debug|Any CPU
		{BEF3FAD9-9990-466F-8D05-0E325C6AAAE5}.Debug|Any CPU.Build.0 = Debug|Any CPU
		{BEF3FAD9-9990-466F-8D05-0E325C6AAAE5}.Release|Any CPU.ActiveCfg = Release|Any CPU
		{BEF3FAD9-9990-466F-8D05-0E325C6AAAE5}.Release|Any CPU.Build.0 = Release|Any CPU
		{D51FF67C-48C0-4C18-9E26-C418E2D345EC}.Debug|Any CPU.ActiveCfg = Debug|Any CPU
		{D51FF67C-48C0-4C18-9E26-C418E2D345EC}.Debug|Any CPU.Build.0 = Debug|Any CPU
		{D51FF67C-48C0-4C18-9E26-C418E2D345EC}.Release|Any CPU.ActiveCfg = Release|Any CPU
		{D51FF67C-48C0-4C18-9E26-C418E2D345EC}.Release|Any CPU.Build.0 = Release|Any CPU
	EndGlobalSection
	GlobalSection(SolutionProperties) = preSolution
		HideSolutionNode = FALSE
	EndGlobalSection
	GlobalSection(ExtensibilityGlobals) = postSolution
		SolutionGuid = {E4BE555E-19B4-405F-93C8-7198319AC98A}
	EndGlobalSection
EndGlobal
